{
  "name": "dev",
  "lockfileVersion": 3,
  "requires": true,
  "packages": {
    "": {
      "dependencies": {
        "@wfcd/items": "^1.1274.60",
        "luaparse": "^0.3.1"
      }
    },
    "node_modules/@wfcd/items": {
      "version": "1.1274.61",
      "resolved": "https://registry.npmjs.org/@wfcd/items/-/items-1.1274.61.tgz",
      "integrity": "sha512-tGJIjoHS2+50uzt1dMD2KUooSqXWksPrYG7uUfvXWrHW7whNwyGgYIBiK8fhlDLac0lJsQDDsOGMta2ekdJsDg==",
      "license": "MIT",
      "peerDependencies": {
        "warframe-worldstate-data": "^3.0.0"
      }
    },
    "node_modules/luaparse": {
      "version": "0.3.1",
      "resolved": "https://registry.npmjs.org/luaparse/-/luaparse-0.3.1.tgz",
      "integrity": "sha512-b21h2bFEbtGXmVqguHogbyrMAA0wOHyp9u/rx+w6Yc9pW1t9YjhGUsp87lYcp7pFRqSWN/PhFkrdIqKEUzRjjQ==",
      "license": "MIT",
      "bin": {
        "luaparse": "bin/luaparse"
      }
    },
    "node_modules/warframe-worldstate-data": {
      "version": "3.16.1",
      "resolved": "https://registry.npmjs.org/warframe-worldstate-data/-/warframe-worldstate-data-3.16.1.tgz",
      "integrity": "sha512-R+A2iPTDre/+APYCXLSG03/9c2iMtGNF3Zf5Ki/wb71a9pt1DfbWvFqP4Som9b9iHn7sPZaEaWDCOwxrCqkkrA==",
      "license": "MIT",
      "peer": true,
      "engines": {
        "node": ">=22"
      }
    }
  }
}
